
Microsoft Visual Studio Solution File, Format Version 12.00
# Visual Studio Version 17
VisualStudioVersion = 17.7.34221.43
MinimumVisualStudioVersion = 10.0.40219.1
Project("{9A19103F-16F7-4668-BE54-9A1E7A4F7556}") = "Base.Domain", "src\Base\Domain\Base.Domain.csproj", "{4D69F3B9-3B79-47E8-BD46-C6F19702156F}"
EndProject
Project("{2150E333-8FDC-42A3-9474-1A3956D46DE8}") = "src", "src", "{170B8C82-6AEF-495E-8BB7-6B35D907C640}"
EndProject
Project("{2150E333-8FDC-42A3-9474-1A3956D46DE8}") = "docs", "docs", "{B6A659CD-9038-45AE-BAB4-50848006259E}"
	ProjectSection(SolutionItems) = preProject
		docs\ca-sln.md = docs\ca-sln.md
		data_script.sql = data_script.sql
		docker.md = docker.md
		docs\ef.md = docs\ef.md
		docs\nswag.md = docs\nswag.md
		docs\pgsql.md = docs\pgsql.md
		docs\SSL.md = docs\SSL.md
		test.md = test.md
	EndProjectSection
EndProject
Project("{2150E333-8FDC-42A3-9474-1A3956D46DE8}") = "tests", "tests", "{397E9166-CBB3-4CD3-81CA-A47DC7AF6ACC}"
EndProject
Project("{2150E333-8FDC-42A3-9474-1A3956D46DE8}") = "Base", "Base", "{97669D13-CF9A-4AB7-B5F8-612DA1B2B8F3}"
EndProject
Project("{9A19103F-16F7-4668-BE54-9A1E7A4F7556}") = "Base.Application", "src\Base\Application\Base.Application.csproj", "{0D6AF7AE-828E-45D8-9961-935C46678656}"
EndProject
Project("{9A19103F-16F7-4668-BE54-9A1E7A4F7556}") = "Base.Infrastructure", "src\Base\Infrastructure\Base.Infrastructure.csproj", "{65B397B5-4C36-42E1-9633-9D1B3D5ACAAC}"
EndProject
Project("{9A19103F-16F7-4668-BE54-9A1E7A4F7556}") = "Base.WebAPI", "src\Base\WebAPI\Base.WebAPI.csproj", "{530AEB41-B698-4535-B13B-5447A8C89D1B}"
EndProject
Project("{2150E333-8FDC-42A3-9474-1A3956D46DE8}") = "Authority", "Authority", "{8B8E8F0D-5551-423B-84A5-EECB6047ABE1}"
EndProject
Project("{2150E333-8FDC-42A3-9474-1A3956D46DE8}") = "Core", "Core", "{563E0573-A71A-4DCD-A890-2EB563C5EE48}"
EndProject
Project("{2150E333-8FDC-42A3-9474-1A3956D46DE8}") = "Authority", "Authority", "{2BA788CD-1134-44E9-BB6D-6105C93F9CBA}"
EndProject
Project("{2150E333-8FDC-42A3-9474-1A3956D46DE8}") = "Base", "Base", "{96763AB2-39FD-4B76-8418-7DE188BF5150}"
EndProject
Project("{2150E333-8FDC-42A3-9474-1A3956D46DE8}") = "Core", "Core", "{C2DBC198-ECF9-4270-9733-A4C9F3537E58}"
EndProject
Project("{2150E333-8FDC-42A3-9474-1A3956D46DE8}") = "Membership", "Membership", "{8BF445B5-7F54-4802-826D-9565C9431A7C}"
EndProject
Project("{9A19103F-16F7-4668-BE54-9A1E7A4F7556}") = "Core.Domain", "src\Core\Domain\Core.Domain.csproj", "{73E8E0B3-F4C0-47FE-BA3A-A723AB2437D4}"
EndProject
Project("{9A19103F-16F7-4668-BE54-9A1E7A4F7556}") = "Core.Application", "src\Core\Application\Core.Application.csproj", "{1E98FCC7-CD76-4446-B1B0-FB1C436D889A}"
EndProject
Project("{9A19103F-16F7-4668-BE54-9A1E7A4F7556}") = "Core.Infrastructure", "src\Core\Infrastructure\Core.Infrastructure.csproj", "{08D92D86-BD14-4919-A315-17F66BB41EE5}"
EndProject
Project("{9A19103F-16F7-4668-BE54-9A1E7A4F7556}") = "Core.WebAPI", "src\Core\WebAPI\Core.WebAPI.csproj", "{03945732-8BEE-423F-9C4C-AAB7016C81F4}"
EndProject
Project("{9A19103F-16F7-4668-BE54-9A1E7A4F7556}") = "Authority.Domain", "src\Authority\Domain\Authority.Domain.csproj", "{EC353D50-2F26-4C3D-A42D-BABE03EF24DE}"
EndProject
Project("{9A19103F-16F7-4668-BE54-9A1E7A4F7556}") = "Authority.Application", "src\Authority\Application\Authority.Application.csproj", "{814D3576-75B9-409B-9DB6-F72F7529502E}"
EndProject
Project("{9A19103F-16F7-4668-BE54-9A1E7A4F7556}") = "Authority.Infrastructure", "src\Authority\Infrastructure\Authority.Infrastructure.csproj", "{5C599B8A-FEF5-4528-94D6-DE4AC7236BC3}"
EndProject
Project("{9A19103F-16F7-4668-BE54-9A1E7A4F7556}") = "Authority.WebAPI", "src\Authority\WebAPI\Authority.WebAPI.csproj", "{D10B0115-F019-4BDE-85D2-10A194885722}"
EndProject
Project("{2150E333-8FDC-42A3-9474-1A3956D46DE8}") = "Solution Items", "Solution Items", "{6CF0D155-AC67-4637-A8AE-3EA333987FD2}"
	ProjectSection(SolutionItems) = preProject
		docker-up.cmd = docker-up.cmd
		migrations-add.cmd = migrations-add.cmd
	EndProjectSection
EndProject
Global
	GlobalSection(SolutionConfigurationPlatforms) = preSolution
		Debug|Any CPU = Debug|Any CPU
		Release|Any CPU = Release|Any CPU
	EndGlobalSection
	GlobalSection(ProjectConfigurationPlatforms) = postSolution
		{4D69F3B9-3B79-47E8-BD46-C6F19702156F}.Debug|Any CPU.ActiveCfg = Debug|Any CPU
		{4D69F3B9-3B79-47E8-BD46-C6F19702156F}.Debug|Any CPU.Build.0 = Debug|Any CPU
		{4D69F3B9-3B79-47E8-BD46-C6F19702156F}.Release|Any CPU.ActiveCfg = Release|Any CPU
		{4D69F3B9-3B79-47E8-BD46-C6F19702156F}.Release|Any CPU.Build.0 = Release|Any CPU
		{0D6AF7AE-828E-45D8-9961-935C46678656}.Debug|Any CPU.ActiveCfg = Debug|Any CPU
		{0D6AF7AE-828E-45D8-9961-935C46678656}.Debug|Any CPU.Build.0 = Debug|Any CPU
		{0D6AF7AE-828E-45D8-9961-935C46678656}.Release|Any CPU.ActiveCfg = Release|Any CPU
		{0D6AF7AE-828E-45D8-9961-935C46678656}.Release|Any CPU.Build.0 = Release|Any CPU
		{65B397B5-4C36-42E1-9633-9D1B3D5ACAAC}.Debug|Any CPU.ActiveCfg = Debug|Any CPU
		{65B397B5-4C36-42E1-9633-9D1B3D5ACAAC}.Debug|Any CPU.Build.0 = Debug|Any CPU
		{65B397B5-4C36-42E1-9633-9D1B3D5ACAAC}.Release|Any CPU.ActiveCfg = Release|Any CPU
		{65B397B5-4C36-42E1-9633-9D1B3D5ACAAC}.Release|Any CPU.Build.0 = Release|Any CPU
		{530AEB41-B698-4535-B13B-5447A8C89D1B}.Debug|Any CPU.ActiveCfg = Debug|Any CPU
		{530AEB41-B698-4535-B13B-5447A8C89D1B}.Debug|Any CPU.Build.0 = Debug|Any CPU
		{530AEB41-B698-4535-B13B-5447A8C89D1B}.Release|Any CPU.ActiveCfg = Release|Any CPU
		{530AEB41-B698-4535-B13B-5447A8C89D1B}.Release|Any CPU.Build.0 = Release|Any CPU
		{73E8E0B3-F4C0-47FE-BA3A-A723AB2437D4}.Debug|Any CPU.ActiveCfg = Debug|Any CPU
		{73E8E0B3-F4C0-47FE-BA3A-A723AB2437D4}.Debug|Any CPU.Build.0 = Debug|Any CPU
		{73E8E0B3-F4C0-47FE-BA3A-A723AB2437D4}.Release|Any CPU.ActiveCfg = Release|Any CPU
		{73E8E0B3-F4C0-47FE-BA3A-A723AB2437D4}.Release|Any CPU.Build.0 = Release|Any CPU
		{1E98FCC7-CD76-4446-B1B0-FB1C436D889A}.Debug|Any CPU.ActiveCfg = Debug|Any CPU
		{1E98FCC7-CD76-4446-B1B0-FB1C436D889A}.Debug|Any CPU.Build.0 = Debug|Any CPU
		{1E98FCC7-CD76-4446-B1B0-FB1C436D889A}.Release|Any CPU.ActiveCfg = Release|Any CPU
		{1E98FCC7-CD76-4446-B1B0-FB1C436D889A}.Release|Any CPU.Build.0 = Release|Any CPU
		{08D92D86-BD14-4919-A315-17F66BB41EE5}.Debug|Any CPU.ActiveCfg = Debug|Any CPU
		{08D92D86-BD14-4919-A315-17F66BB41EE5}.Debug|Any CPU.Build.0 = Debug|Any CPU
		{08D92D86-BD14-4919-A315-17F66BB41EE5}.Release|Any CPU.ActiveCfg = Release|Any CPU
		{08D92D86-BD14-4919-A315-17F66BB41EE5}.Release|Any CPU.Build.0 = Release|Any CPU
		{03945732-8BEE-423F-9C4C-AAB7016C81F4}.Debug|Any CPU.ActiveCfg = Debug|Any CPU
		{03945732-8BEE-423F-9C4C-AAB7016C81F4}.Debug|Any CPU.Build.0 = Debug|Any CPU
		{03945732-8BEE-423F-9C4C-AAB7016C81F4}.Release|Any CPU.ActiveCfg = Release|Any CPU
		{03945732-8BEE-423F-9C4C-AAB7016C81F4}.Release|Any CPU.Build.0 = Release|Any CPU
		{EC353D50-2F26-4C3D-A42D-BABE03EF24DE}.Debug|Any CPU.ActiveCfg = Debug|Any CPU
		{EC353D50-2F26-4C3D-A42D-BABE03EF24DE}.Debug|Any CPU.Build.0 = Debug|Any CPU
		{EC353D50-2F26-4C3D-A42D-BABE03EF24DE}.Release|Any CPU.ActiveCfg = Release|Any CPU
		{EC353D50-2F26-4C3D-A42D-BABE03EF24DE}.Release|Any CPU.Build.0 = Release|Any CPU
		{814D3576-75B9-409B-9DB6-F72F7529502E}.Debug|Any CPU.ActiveCfg = Debug|Any CPU
		{814D3576-75B9-409B-9DB6-F72F7529502E}.Debug|Any CPU.Build.0 = Debug|Any CPU
		{814D3576-75B9-409B-9DB6-F72F7529502E}.Release|Any CPU.ActiveCfg = Release|Any CPU
		{814D3576-75B9-409B-9DB6-F72F7529502E}.Release|Any CPU.Build.0 = Release|Any CPU
		{5C599B8A-FEF5-4528-94D6-DE4AC7236BC3}.Debug|Any CPU.ActiveCfg = Debug|Any CPU
		{5C599B8A-FEF5-4528-94D6-DE4AC7236BC3}.Debug|Any CPU.Build.0 = Debug|Any CPU
		{5C599B8A-FEF5-4528-94D6-DE4AC7236BC3}.Release|Any CPU.ActiveCfg = Release|Any CPU
		{5C599B8A-FEF5-4528-94D6-DE4AC7236BC3}.Release|Any CPU.Build.0 = Release|Any CPU
		{D10B0115-F019-4BDE-85D2-10A194885722}.Debug|Any CPU.ActiveCfg = Debug|Any CPU
		{D10B0115-F019-4BDE-85D2-10A194885722}.Debug|Any CPU.Build.0 = Debug|Any CPU
		{D10B0115-F019-4BDE-85D2-10A194885722}.Release|Any CPU.ActiveCfg = Release|Any CPU
		{D10B0115-F019-4BDE-85D2-10A194885722}.Release|Any CPU.Build.0 = Release|Any CPU
	EndGlobalSection
	GlobalSection(SolutionProperties) = preSolution
		HideSolutionNode = FALSE
	EndGlobalSection
	GlobalSection(NestedProjects) = preSolution
		{4D69F3B9-3B79-47E8-BD46-C6F19702156F} = {97669D13-CF9A-4AB7-B5F8-612DA1B2B8F3}
		{97669D13-CF9A-4AB7-B5F8-612DA1B2B8F3} = {170B8C82-6AEF-495E-8BB7-6B35D907C640}
		{0D6AF7AE-828E-45D8-9961-935C46678656} = {97669D13-CF9A-4AB7-B5F8-612DA1B2B8F3}
		{65B397B5-4C36-42E1-9633-9D1B3D5ACAAC} = {97669D13-CF9A-4AB7-B5F8-612DA1B2B8F3}
		{530AEB41-B698-4535-B13B-5447A8C89D1B} = {97669D13-CF9A-4AB7-B5F8-612DA1B2B8F3}
		{8B8E8F0D-5551-423B-84A5-EECB6047ABE1} = {170B8C82-6AEF-495E-8BB7-6B35D907C640}
		{563E0573-A71A-4DCD-A890-2EB563C5EE48} = {170B8C82-6AEF-495E-8BB7-6B35D907C640}
		{2BA788CD-1134-44E9-BB6D-6105C93F9CBA} = {397E9166-CBB3-4CD3-81CA-A47DC7AF6ACC}
		{96763AB2-39FD-4B76-8418-7DE188BF5150} = {397E9166-CBB3-4CD3-81CA-A47DC7AF6ACC}
		{C2DBC198-ECF9-4270-9733-A4C9F3537E58} = {397E9166-CBB3-4CD3-81CA-A47DC7AF6ACC}
		{8BF445B5-7F54-4802-826D-9565C9431A7C} = {397E9166-CBB3-4CD3-81CA-A47DC7AF6ACC}
		{73E8E0B3-F4C0-47FE-BA3A-A723AB2437D4} = {563E0573-A71A-4DCD-A890-2EB563C5EE48}
		{1E98FCC7-CD76-4446-B1B0-FB1C436D889A} = {563E0573-A71A-4DCD-A890-2EB563C5EE48}
		{08D92D86-BD14-4919-A315-17F66BB41EE5} = {563E0573-A71A-4DCD-A890-2EB563C5EE48}
		{03945732-8BEE-423F-9C4C-AAB7016C81F4} = {563E0573-A71A-4DCD-A890-2EB563C5EE48}
		{EC353D50-2F26-4C3D-A42D-BABE03EF24DE} = {8B8E8F0D-5551-423B-84A5-EECB6047ABE1}
		{814D3576-75B9-409B-9DB6-F72F7529502E} = {8B8E8F0D-5551-423B-84A5-EECB6047ABE1}
		{5C599B8A-FEF5-4528-94D6-DE4AC7236BC3} = {8B8E8F0D-5551-423B-84A5-EECB6047ABE1}
		{D10B0115-F019-4BDE-85D2-10A194885722} = {8B8E8F0D-5551-423B-84A5-EECB6047ABE1}
	EndGlobalSection
	GlobalSection(ExtensibilityGlobals) = postSolution
		SolutionGuid = {7F5829C2-9651-437F-94FB-C40B35AF5588}
	EndGlobalSection
EndGlobal
